{
  "nodes": {
    "nixpkgs": {
      "locked": {
        "lastModified": 1688482527,
        "narHash": "sha256-9zd0YC2gfsRvVJENZsVs1R5LBj5/t127JlCLggn/970=",
        "owner": "NixOS",
        "repo": "nixpkgs",
        "rev": "c7a18f89ef1dc423f57f3de9bd5d9355550a5d15",
        "type": "github"
      },
      "original": {
        "id": "nixpkgs",
        "ref": "nixos-23.05",
        "type": "indirect"
      }
    },
    "root": {
      "inputs": {
        "nixpkgs": "nixpkgs"
      }
    }
  },
  "root": "root",
  "version": 7
}
